
Microsoft Visual Studio Solution File, Format Version 12.00
# Visual Studio Version 16
VisualStudioVersion = 16.0.30309.148
MinimumVisualStudioVersion = 10.0.40219.1
Project("{FAE04EC0-301F-11D3-BF4B-00C04F79EFBC}") = "eShopSolution.WebApp2", "eShopSolution.WebApp2\eShopSolution.WebApp2.csproj", "{49F78305-65DD-41A6-A545-10D013EC8323}"
EndProject
Project("{2150E333-8FDC-42A3-9474-1A3956D46DE8}") = "Solution Items", "Solution Items", "{FA7D73E3-066E-496C-8F0C-B5BCD60FB936}"
	ProjectSection(SolutionItems) = preProject
		README.md = README.md
	EndProjectSection
EndProject
Project("{FAE04EC0-301F-11D3-BF4B-00C04F79EFBC}") = "eShopSolution.Data", "eShopSolution.Data\eShopSolution.Data.csproj", "{9DBCD831-DDE7-4DE2-9DB9-F15D78EDE3CF}"
EndProject
Project("{FAE04EC0-301F-11D3-BF4B-00C04F79EFBC}") = "eShopSolution.Application", "eShopSolution.Application\eShopSolution.Application.csproj", "{6C85335C-E955-4231-819F-45EAE74C2CB2}"
EndProject
Global
	GlobalSection(SolutionConfigurationPlatforms) = preSolution
		Debug|Any CPU = Debug|Any CPU
		Release|Any CPU = Release|Any CPU
	EndGlobalSection
	GlobalSection(ProjectConfigurationPlatforms) = postSolution
		{49F78305-65DD-41A6-A545-10D013EC8323}.Debug|Any CPU.ActiveCfg = Debug|Any CPU
		{49F78305-65DD-41A6-A545-10D013EC8323}.Debug|Any CPU.Build.0 = Debug|Any CPU
		{49F78305-65DD-41A6-A545-10D013EC8323}.Release|Any CPU.ActiveCfg = Release|Any CPU
		{49F78305-65DD-41A6-A545-10D013EC8323}.Release|Any CPU.Build.0 = Release|Any CPU
		{9DBCD831-DDE7-4DE2-9DB9-F15D78EDE3CF}.Debug|Any CPU.ActiveCfg = Debug|Any CPU
		{9DBCD831-DDE7-4DE2-9DB9-F15D78EDE3CF}.Debug|Any CPU.Build.0 = Debug|Any CPU
		{9DBCD831-DDE7-4DE2-9DB9-F15D78EDE3CF}.Release|Any CPU.ActiveCfg = Release|Any CPU
		{9DBCD831-DDE7-4DE2-9DB9-F15D78EDE3CF}.Release|Any CPU.Build.0 = Release|Any CPU
		{6C85335C-E955-4231-819F-45EAE74C2CB2}.Debug|Any CPU.ActiveCfg = Debug|Any CPU
		{6C85335C-E955-4231-819F-45EAE74C2CB2}.Debug|Any CPU.Build.0 = Debug|Any CPU
		{6C85335C-E955-4231-819F-45EAE74C2CB2}.Release|Any CPU.ActiveCfg = Release|Any CPU
		{6C85335C-E955-4231-819F-45EAE74C2CB2}.Release|Any CPU.Build.0 = Release|Any CPU
	EndGlobalSection
	GlobalSection(SolutionProperties) = preSolution
		HideSolutionNode = FALSE
	EndGlobalSection
	GlobalSection(ExtensibilityGlobals) = postSolution
		SolutionGuid = {CC06FDA6-970C-4615-8A17-CED868F0A0DE}
	EndGlobalSection
EndGlobal
